PODS:
  - Flutter (1.0.0)
  - flutter_liquidcore (1.1.0):
    - Flutter
    - LiquidCore (~> 0.6)
  - LiquidCore (0.7.10):
    - LiquidCore/Core (= 0.7.10)
  - LiquidCore/ares (0.7.10):
    - LiquidCore/headers
  - LiquidCore/Core (0.7.10):
    - LiquidCore/ares
    - LiquidCore/headers
    - LiquidCore/http
    - LiquidCore/openssl
    - LiquidCore/uv
  - LiquidCore/headers (0.7.10)
  - LiquidCore/http (0.7.10):
    - LiquidCore/headers
  - LiquidCore/openssl (0.7.10):
    - LiquidCore/headers
  - LiquidCore/uv (0.7.10):
    - LiquidCore/headers

DEPENDENCIES:
  - Flutter (from `Flutter`)
  - flutter_liquidcore (from `.symlinks/plugins/flutter_liquidcore/ios`)

SPEC REPOS:
  trunk:
    - LiquidCore

EXTERNAL SOURCES:
  Flutter:
    :path: Flutter
  flutter_liquidcore:
    :path: ".symlinks/plugins/flutter_liquidcore/ios"

SPEC CHECKSUMS:
  Flutter: 0e3d915762c693b495b44d77113d4970485de6ec
  flutter_liquidcore: 532c2e9048572bcea66e080b100119cdfcf9dcb4
  LiquidCore: fadf54c9d790110586527d323162d5d8496bb1f4

PODFILE CHECKSUM: 7368163408c647b7eb699d0d788ba6718e18fb8d

COCOAPODS: 1.9.3
